{
  "name": "Quest",
  "lockfileVersion": 2,
  "requires": true,
  "packages": {
    "": {
      "name": "Quest",
      "dependencies": {
        "@openzeppelin/contracts": "^4.4.1",
        "chai": "^4.3.4",
        "ganache": "^6.4.5",
        "ganache-cli": "^6.1.8"
      }
    },
    "node_modules/@openzeppelin/contracts": {
      "version": "4.4.2",
      "resolved": "https://registry.npmjs.org/@openzeppelin/contracts/-/contracts-4.4.2.tgz",
      "integrity": "sha512-NyJV7sJgoGYqbtNUWgzzOGW4T6rR19FmX1IJgXGdapGPWsuMelGJn9h03nos0iqfforCbCB0iYIR0MtIuIFLLw=="
    },
    "node_modules/assertion-error": {
      "version": "1.1.0",
      "resolved": "https://registry.npmjs.org/assertion-error/-/assertion-error-1.1.0.tgz",
      "integrity": "sha512-jgsaNduz+ndvGyFt3uSuWqvy4lCnIJiovtouQN5JZHOKCS2QuhEdbcQHFhVksz2N2U9hXJo8odG7ETyWlEeuDw==",
      "engines": {
        "node": "*"
      }
    },
    "node_modules/chai": {
      "version": "4.3.4",
      "resolved": "https://registry.npmjs.org/chai/-/chai-4.3.4.tgz",
      "integrity": "sha512-yS5H68VYOCtN1cjfwumDSuzn/9c+yza4f3reKXlE5rUg7SFcCEy90gJvydNgOYtblyf4Zi6jIWRnXOgErta0KA==",
      "dependencies": {
        "assertion-error": "^1.1.0",
        "check-error": "^1.0.2",
        "deep-eql": "^3.0.1",
        "get-func-name": "^2.0.0",
        "pathval": "^1.1.1",
        "type-detect": "^4.0.5"
      },
      "engines": {
        "node": ">=4"
      }
    },
    "node_modules/check-error": {
      "version": "1.0.2",
      "resolved": "https://registry.npmjs.org/check-error/-/check-error-1.0.2.tgz",
      "integrity": "sha1-V00xLt2Iu13YkS6Sht1sCu1KrII=",
      "engines": {
        "node": "*"
      }
    },
    "node_modules/deep-eql": {
      "version": "3.0.1",
      "resolved": "https://registry.npmjs.org/deep-eql/-/deep-eql-3.0.1.tgz",
      "integrity": "sha512-+QeIQyN5ZuO+3Uk5DYh6/1eKO0m0YmJFGNmFHGACpf1ClL1nmlV/p4gNgbl2pJGxgXb4faqo6UE+M5ACEMyVcw==",
      "dependencies": {
        "type-detect": "^4.0.0"
      },
      "engines": {
        "node": ">=0.12"
      }
    },
    "node_modules/ganache": {
      "version": "6.4.5",
      "resolved": "https://registry.npmjs.org/ganache/-/ganache-6.4.5.tgz",
      "integrity": "sha512-RVN/wOh3nEO4cG3PFojU7RXZTS+fYEW/mgg2bMZ8EdOP02T/HsQnw2b+fF2jKpdQ8ILz5EJWlWcZOGbzx2inNQ==",
      "deprecated": "ganache-cli is in the process of being renamed to ganache, but the transition is not yet complete. Did you mean to install ganache-cli or a pre-release version of ganache?"
    },
    "node_modules/ganache-cli": {
      "version": "6.1.8",
      "resolved": "https://registry.npmjs.org/ganache-cli/-/ganache-cli-6.1.8.tgz",
      "integrity": "sha512-yXzteu4SIgUL31mnpm9j+x6dpHUw0p/nsRVkcySKq0w+1vDxH9jMErP1QhZAJuTVE6ni4nfvGSNkaQx5cD3jfg==",
      "dependencies": {
        "source-map-support": "^0.5.3"
      },
      "bin": {
        "ganache-cli": "build/cli.node.js"
      }
    },
    "node_modules/ganache-cli/node_modules/buffer-from": {
      "version": "1.1.1",
      "license": "MIT"
    },
    "node_modules/ganache-cli/node_modules/source-map": {
      "version": "0.6.1",
      "license": "BSD-3-Clause",
      "engines": {
        "node": ">=0.10.0"
      }
    },
    "node_modules/ganache-cli/node_modules/source-map-support": {
      "version": "0.5.12",
      "license": "MIT",
      "dependencies": {
        "buffer-from": "^1.0.0",
        "source-map": "^0.6.0"
      }
    },
    "node_modules/get-func-name": {
      "version": "2.0.0",
      "resolved": "https://registry.npmjs.org/get-func-name/-/get-func-name-2.0.0.tgz",
      "integrity": "sha1-6td0q+5y4gQJQzoGY2YCPdaIekE=",
      "engines": {
        "node": "*"
      }
    },
    "node_modules/pathval": {
      "version": "1.1.1",
      "resolved": "https://registry.npmjs.org/pathval/-/pathval-1.1.1.tgz",
      "integrity": "sha512-Dp6zGqpTdETdR63lehJYPeIOqpiNBNtc7BpWSLrOje7UaIsE5aY92r/AunQA7rsXvet3lrJ3JnZX29UPTKXyKQ==",
      "engines": {
        "node": "*"
      }
    },
    "node_modules/type-detect": {
      "version": "4.0.8",
      "resolved": "https://registry.npmjs.org/type-detect/-/type-detect-4.0.8.tgz",
      "integrity": "sha512-0fr/mIH1dlO+x7TlcMy+bIDqKPsw/70tVyeHW787goQjhmqaZe10uwLujubK9q9Lg6Fiho1KUKDYz0Z7k7g5/g==",
      "engines": {
        "node": ">=4"
      }
    }
  },
  "dependencies": {
    "@openzeppelin/contracts": {
      "version": "4.4.2",
      "resolved": "https://registry.npmjs.org/@openzeppelin/contracts/-/contracts-4.4.2.tgz",
      "integrity": "sha512-NyJV7sJgoGYqbtNUWgzzOGW4T6rR19FmX1IJgXGdapGPWsuMelGJn9h03nos0iqfforCbCB0iYIR0MtIuIFLLw=="
    },
    "assertion-error": {
      "version": "1.1.0",
      "resolved": "https://registry.npmjs.org/assertion-error/-/assertion-error-1.1.0.tgz",
      "integrity": "sha512-jgsaNduz+ndvGyFt3uSuWqvy4lCnIJiovtouQN5JZHOKCS2QuhEdbcQHFhVksz2N2U9hXJo8odG7ETyWlEeuDw=="
    },
    "chai": {
      "version": "4.3.4",
      "resolved": "https://registry.npmjs.org/chai/-/chai-4.3.4.tgz",
      "integrity": "sha512-yS5H68VYOCtN1cjfwumDSuzn/9c+yza4f3reKXlE5rUg7SFcCEy90gJvydNgOYtblyf4Zi6jIWRnXOgErta0KA==",
      "requires": {
        "assertion-error": "^1.1.0",
        "check-error": "^1.0.2",
        "deep-eql": "^3.0.1",
        "get-func-name": "^2.0.0",
        "pathval": "^1.1.1",
        "type-detect": "^4.0.5"
      }
    },
    "check-error": {
      "version": "1.0.2",
      "resolved": "https://registry.npmjs.org/check-error/-/check-error-1.0.2.tgz",
      "integrity": "sha1-V00xLt2Iu13YkS6Sht1sCu1KrII="
    },
    "deep-eql": {
      "version": "3.0.1",
      "resolved": "https://registry.npmjs.org/deep-eql/-/deep-eql-3.0.1.tgz",
      "integrity": "sha512-+QeIQyN5ZuO+3Uk5DYh6/1eKO0m0YmJFGNmFHGACpf1ClL1nmlV/p4gNgbl2pJGxgXb4faqo6UE+M5ACEMyVcw==",
      "requires": {
        "type-detect": "^4.0.0"
      }
    },
    "ganache": {
      "version": "6.4.5",
      "resolved": "https://registry.npmjs.org/ganache/-/ganache-6.4.5.tgz",
      "integrity": "sha512-RVN/wOh3nEO4cG3PFojU7RXZTS+fYEW/mgg2bMZ8EdOP02T/HsQnw2b+fF2jKpdQ8ILz5EJWlWcZOGbzx2inNQ=="
    },
    "ganache-cli": {
      "version": "6.1.8",
      "resolved": "https://registry.npmjs.org/ganache-cli/-/ganache-cli-6.1.8.tgz",
      "integrity": "sha512-yXzteu4SIgUL31mnpm9j+x6dpHUw0p/nsRVkcySKq0w+1vDxH9jMErP1QhZAJuTVE6ni4nfvGSNkaQx5cD3jfg==",
      "requires": {
        "source-map-support": "^0.5.3"
      },
      "dependencies": {
        "buffer-from": {
          "version": "1.1.1"
        },
        "source-map": {
          "version": "0.6.1"
        },
        "source-map-support": {
          "version": "0.5.12",
          "requires": {
            "buffer-from": "^1.0.0",
            "source-map": "^0.6.0"
          }
        }
      }
    },
    "get-func-name": {
      "version": "2.0.0",
      "resolved": "https://registry.npmjs.org/get-func-name/-/get-func-name-2.0.0.tgz",
      "integrity": "sha1-6td0q+5y4gQJQzoGY2YCPdaIekE="
    },
    "pathval": {
      "version": "1.1.1",
      "resolved": "https://registry.npmjs.org/pathval/-/pathval-1.1.1.tgz",
      "integrity": "sha512-Dp6zGqpTdETdR63lehJYPeIOqpiNBNtc7BpWSLrOje7UaIsE5aY92r/AunQA7rsXvet3lrJ3JnZX29UPTKXyKQ=="
    },
    "type-detect": {
      "version": "4.0.8",
      "resolved": "https://registry.npmjs.org/type-detect/-/type-detect-4.0.8.tgz",
      "integrity": "sha512-0fr/mIH1dlO+x7TlcMy+bIDqKPsw/70tVyeHW787goQjhmqaZe10uwLujubK9q9Lg6Fiho1KUKDYz0Z7k7g5/g=="
    }
  }
}
